
Microsoft Visual Studio Solution File, Format Version 12.00
# Visual Studio 15
VisualStudioVersion = 15.0.27130.2020
MinimumVisualStudioVersion = 10.0.40219.1
Project("{888888A0-9F3D-457C-B088-3A5042F75D52}") = "AIExamples", "AIExamples\AIExamples.pyproj", "{E8969450-AEA0-4ED0-B6D5-B395EA36E869}"
EndProject
Global
	GlobalSection(SolutionConfigurationPlatforms) = preSolution
		Debug|Any CPU = Debug|Any CPU
		Release|Any CPU = Release|Any CPU
	EndGlobalSection
	GlobalSection(ProjectConfigurationPlatforms) = postSolution
		{E8969450-AEA0-4ED0-B6D5-B395EA36E869}.Debug|Any CPU.ActiveCfg = Debug|Any CPU
		{E8969450-AEA0-4ED0-B6D5-B395EA36E869}.Release|Any CPU.ActiveCfg = Release|Any CPU
	EndGlobalSection
	GlobalSection(SolutionProperties) = preSolution
		HideSolutionNode = FALSE
	EndGlobalSection
	GlobalSection(ExtensibilityGlobals) = postSolution
		SolutionGuid = {0D9637A3-78FB-4673-9C59-82A2854FCBFC}
	EndGlobalSection
EndGlobal
